
Microsoft Visual Studio Solution File, Format Version 12.00
Project("{FAE04EC0-301F-11D3-BF4B-00C04F79EFBC}") = "mission5", "mission5\mission5.csproj", "{AAA2AE64-5BFA-4D79-AD27-2465E331D8DE}"
EndProject
Global
	GlobalSection(SolutionConfigurationPlatforms) = preSolution
		Debug|Any CPU = Debug|Any CPU
		Release|Any CPU = Release|Any CPU
	EndGlobalSection
	GlobalSection(ProjectConfigurationPlatforms) = postSolution
		{AAA2AE64-5BFA-4D79-AD27-2465E331D8DE}.Debug|Any CPU.ActiveCfg = Debug|Any CPU
		{AAA2AE64-5BFA-4D79-AD27-2465E331D8DE}.Debug|Any CPU.Build.0 = Debug|Any CPU
		{AAA2AE64-5BFA-4D79-AD27-2465E331D8DE}.Release|Any CPU.ActiveCfg = Release|Any CPU
		{AAA2AE64-5BFA-4D79-AD27-2465E331D8DE}.Release|Any CPU.Build.0 = Release|Any CPU
	EndGlobalSection
EndGlobal
